
Microsoft Visual Studio Solution File, Format Version 12.00
# Visual Studio Version 17
VisualStudioVersion = 17.14.35806.103 d17.14
MinimumVisualStudioVersion = 10.0.40219.1
Project("{FAE04EC0-301F-11D3-BF4B-00C04F79EFBC}") = "BankAccount", "BankAccount\BankAccount.csproj", "{8AD0B525-6315-475C-A6C6-1CEAE6152566}"
EndProject
Global
	GlobalSection(SolutionConfigurationPlatforms) = preSolution
		Debug|Any CPU = Debug|Any CPU
		Release|Any CPU = Release|Any CPU
	EndGlobalSection
	GlobalSection(ProjectConfigurationPlatforms) = postSolution
		{8AD0B525-6315-475C-A6C6-1CEAE6152566}.Debug|Any CPU.ActiveCfg = Debug|Any CPU
		{8AD0B525-6315-475C-A6C6-1CEAE6152566}.Debug|Any CPU.Build.0 = Debug|Any CPU
		{8AD0B525-6315-475C-A6C6-1CEAE6152566}.Release|Any CPU.ActiveCfg = Release|Any CPU
		{8AD0B525-6315-475C-A6C6-1CEAE6152566}.Release|Any CPU.Build.0 = Release|Any CPU
	EndGlobalSection
	GlobalSection(SolutionProperties) = preSolution
		HideSolutionNode = FALSE
	EndGlobalSection
	GlobalSection(ExtensibilityGlobals) = postSolution
		SolutionGuid = {6F1A0770-710C-4EBE-8FB6-9C069EB46CA5}
	EndGlobalSection
EndGlobal
